# This file is automatically @generated by Cargo.
# It is not intended for manual editing.
version = 4

[[package]]
name = "dp"
version = "0.1.0"
dependencies = [
 "myutil",
]

[[package]]
name = "myutil"
version = "0.1.0"
source = "git+https://github.com/hidsh/myutil-rs#81e8ee713699cec24b763a868fc41b89ad1499b9"
